
Microsoft Visual Studio Solution File, Format Version 12.00
# Visual Studio Version 16
VisualStudioVersion = 16.0.31613.86
MinimumVisualStudioVersion = 10.0.40219.1
Project("{FAE04EC0-301F-11D3-BF4B-00C04F79EFBC}") = "1480. Running Sum of 1d Array", "1480. Running Sum of 1d Array\1480. Running Sum of 1d Array.csproj", "{C0E2EAD1-E484-4EB4-BDD0-4BE3981FB846}"
EndProject
Global
	GlobalSection(SolutionConfigurationPlatforms) = preSolution
		Debug|Any CPU = Debug|Any CPU
		Release|Any CPU = Release|Any CPU
	EndGlobalSection
	GlobalSection(ProjectConfigurationPlatforms) = postSolution
		{C0E2EAD1-E484-4EB4-BDD0-4BE3981FB846}.Debug|Any CPU.ActiveCfg = Debug|Any CPU
		{C0E2EAD1-E484-4EB4-BDD0-4BE3981FB846}.Debug|Any CPU.Build.0 = Debug|Any CPU
		{C0E2EAD1-E484-4EB4-BDD0-4BE3981FB846}.Release|Any CPU.ActiveCfg = Release|Any CPU
		{C0E2EAD1-E484-4EB4-BDD0-4BE3981FB846}.Release|Any CPU.Build.0 = Release|Any CPU
	EndGlobalSection
	GlobalSection(SolutionProperties) = preSolution
		HideSolutionNode = FALSE
	EndGlobalSection
	GlobalSection(ExtensibilityGlobals) = postSolution
		SolutionGuid = {2EB993CA-B0CD-4F81-989F-B6475D8100B2}
	EndGlobalSection
EndGlobal
